# This file is autogenerated, do not edit; changes may be undone by the next 'dep ensure'.


[[projects]]
  digest = "1:c8a30f36343e447ee011a9e073a347ab1efa049398da773135378fe13de40d93"
  name = "github.com/ant0ine/go-json-rest"
  packages = [
    "rest",
    "rest/trie",
  ]
  pruneopts = "UT"
  revision = "3a807d6d8d36e0f9175d6c292030fce09bcbb2db"

[[projects]]
  digest = "1:7b94d37d65c0445053c6f3e73090e3966c1c29127035492c349e14f25c440359"
  name = "github.com/boombuler/barcode"
  packages = [
    ".",
    "qr",
    "utils",
  ]
  pruneopts = "UT"
  revision = "3cfea5ab600ae37946be2b763b8ec2c1cf2d272d"
  version = "v1.0.0"

[[projects]]
  digest = "1:ffe9824d294da03b391f44e1ae8281281b4afc1bdaa9588c9097785e3af10cec"
  name = "github.com/davecgh/go-spew"
  packages = ["spew"]
  pruneopts = "UT"
  revision = "8991bc29aa16c548c550c7ff78260e27b9ab7c73"
  version = "v1.1.1"

[[projects]]
  digest = "1:5090e5a6c258819b01599ad10f6c6c252133c0c5041dbf18122df8dc66db69c9"
  name = "github.com/fsnotify/fsnotify"
  packages = ["."]
  pruneopts = "UT"
  revision = "30411dbcefb7a1da7e84f75530ad3abe4011b4f8"
  version = "v1.3.0"

[[projects]]
  digest = "1:521ebcaf39b0a04e7640b2c642fdbd4b7bbeb32244a2c92aeabe3739b50d664b"
  name = "github.com/go-sql-driver/mysql"
  packages = ["."]
  pruneopts = "UT"
  revision = "1a676ac6e4dce68e9303a1800773861350374a9e"

[[projects]]
  digest = "1:010d46ea3c1e730897e53058d1013a963f3f987675dda87df64f891b945281db"
  name = "github.com/google/go-cmp"
  packages = [
    "cmp",
    "cmp/cmpopts",
    "cmp/internal/diff",
    "cmp/internal/flags",
    "cmp/internal/function",
    "cmp/internal/value",
  ]
  pruneopts = "UT"
  revision = "6f77996f0c42f7b84e5a2b252227263f93432e9b"
  version = "v0.3.0"

[[projects]]
  digest = "1:c419ae6e1a397c8a8eb15bcdc28c2e16bbcd148da9b4bdad6daf89f98a0a6b57"
  name = "github.com/hashicorp/golang-lru"
  packages = [
    ".",
    "simplelru",
  ]
  pruneopts = "UT"
  revision = "0a025b7e63adc15a622f29b0b2c4c3848243bbf6"

[[projects]]
  digest = "1:eb9f776b4a932fda84e68bb7af4c0ae96df58058fc59e31f4bda5103400a5814"
  name = "github.com/hashicorp/hcl"
  packages = [
    ".",
    "hcl/ast",
    "hcl/parser",
    "hcl/scanner",
    "hcl/strconv",
    "hcl/token",
    "json/parser",
    "json/scanner",
    "json/token",
  ]
  pruneopts = "UT"
  revision = "d7400db7143f8e869812e50a53acd6c8d92af3b8"

[[projects]]
  digest = "1:5759a78294f706962fbdf7179d70ebdb640b09bb6a45a8aa392d1d03898d95f4"
  name = "github.com/magiconair/properties"
  packages = ["."]
  pruneopts = "UT"
  revision = "c265cfa48dda6474e208715ca93e987829f572f8"
  version = "v1.7.0"

[[projects]]
  digest = "1:a0e662cc131d655741943072460fa05bd351f3f8b64180fa7a10db9aee758f4e"
  name = "github.com/mitchellh/mapstructure"
  packages = ["."]
  pruneopts = "UT"
  revision = "d2dd0262208475919e1a362f675cfc0e7c10e905"

[[projects]]
  digest = "1:c416b52f6afb8f40cd1ca987ca53c38e65bd169d3de6d89d729880ddf91670f0"
  name = "github.com/pelletier/go-buffruneio"
  packages = ["."]
  pruneopts = "UT"
  revision = "df1e16fde7fc330a0ca68167c23bf7ed6ac31d6d"
  version = "v0.1.0"

[[projects]]
  digest = "1:e67359a7e5764ec99c65469569de9083e453a734ae20e84872a08458ee0dd6f5"
  name = "github.com/pelletier/go-toml"
  packages = ["."]
  pruneopts = "UT"
  revision = "7cb988051d5045890cb91402a0b5fddc76c627bc"

[[projects]]
  digest = "1:81d7adc8baad8c121181bccfaa0f1deb453b90d6b87d19ad7d1038fd92ee9341"
  name = "github.com/pkg/errors"
  packages = ["."]
  pruneopts = "UT"
  revision = "17b591df37844cde689f4d5813e5cea0927d8dd2"
  version = "v0.7.1"

[[projects]]
  digest = "1:dc56e7178a82f8e84960ed9efa7d4ebd0a6d7864894bfc46f8a35ee5eae7153a"
  name = "github.com/pquerna/otp"
  packages = [
    ".",
    "hotp",
    "totp",
  ]
  pruneopts = "UT"
  revision = "be78767b3e392ce45ea73444451022a6fc32ad0d"
  version = "v1.1.0"

[[projects]]
  digest = "1:52a2ebfbfba82261de225d37a346043fcb663f5dde46b10462e2c305b0b05e3d"
  name = "github.com/spf13/afero"
  packages = [
    ".",
    "mem",
  ]
  pruneopts = "UT"
  revision = "06b7e5f50606ecd49148a01a6008942d9b669217"

[[projects]]
  digest = "1:246acdf3cea3df9c60a5c4d3e4961ed99fc01631ef0f45156d0fb37debc22aea"
  name = "github.com/spf13/cast"
  packages = ["."]
  pruneopts = "UT"
  revision = "27b586b42e29bec072fe7379259cc719e1289da6"

[[projects]]
  digest = "1:16c1437fdd40ea6e3419868c7ee065376bb36c660c63d86dc858bdf05d20033d"
  name = "github.com/spf13/jwalterweatherman"
  packages = ["."]
  pruneopts = "UT"
  revision = "33c24e77fb80341fe7130ee7c594256ff08ccc46"

[[projects]]
  digest = "1:00b1571a9044e9977c1e6ddd9a287058d6af85e4385b5fed1e70dea79527fd0c"
  name = "github.com/spf13/pflag"
  packages = ["."]
  pruneopts = "UT"
  revision = "cb88ea77998c3f024757528e3305022ab50b43be"

[[projects]]
  branch = "master"
  digest = "1:8b5be24ea29a80a60882da4ad40555d83a1c964dd4c8962b57926678b767b685"
  name = "github.com/superkkt/go-logging"
  packages = ["."]
  pruneopts = "UT"
  revision = "d6a8aba149c56e15219853fff6500375e1cbb1f2"

[[projects]]
  branch = "master"
  digest = "1:6722f0319bbe0fdf865aabfacf2f2dc41078398bf88b33241a507f3aac857cbb"
  name = "github.com/superkkt/viper"
  packages = ["."]
  pruneopts = "UT"
  revision = "7a4f83d485c248540ad95ae0501252323b8b8682"

[[projects]]
  digest = "1:7bcd7406893de9d36236adc3ab85563c2ec30fcd97194b6a1835e798a65edf09"
  name = "golang.org/x/sys"
  packages = ["unix"]
  pruneopts = "UT"
  revision = "076b546753157f758b316e59bcb51e6807c04057"

[[projects]]
  digest = "1:4386e302598acbe9961bd306f6cc2b7e598900d1ceab34eb1be06a8e28514cdc"
  name = "golang.org/x/text"
  packages = [
    "internal/gen",
    "internal/triegen",
    "internal/ucd",
    "transform",
    "unicode/cldr",
    "unicode/norm",
  ]
  pruneopts = "UT"
  revision = "4440cd4f4c2ea31e1872e00de675a86d0c19006c"

[[projects]]
  digest = "1:c25289f43ac4a68d88b02245742347c94f1e108c534dda442188015ff80669b3"
  name = "google.golang.org/appengine"
  packages = ["cloudsql"]
  pruneopts = "UT"
  revision = "54a98f90d1c46b7731eb8fb305d2a321c30ef610"
  version = "v1.5.0"

[[projects]]
  digest = "1:858458e1fcdb1cb44ded97c2ae2b610ee9336fdb0a8347ea1ad835e6a1db6c76"
  name = "gopkg.in/yaml.v2"
  packages = ["."]
  pruneopts = "UT"
  revision = "a83829b6f1293c91addabc89d0571c246397bbf4"

[solve-meta]
  analyzer-name = "dep"
  analyzer-version = 1
  input-imports = [
    "github.com/ant0ine/go-json-rest/rest",
    "github.com/davecgh/go-spew/spew",
    "github.com/fsnotify/fsnotify",
    "github.com/go-sql-driver/mysql",
    "github.com/google/go-cmp/cmp",
    "github.com/google/go-cmp/cmp/cmpopts",
    "github.com/hashicorp/golang-lru",
    "github.com/pkg/errors",
    "github.com/pquerna/otp",
    "github.com/pquerna/otp/totp",
    "github.com/superkkt/go-logging",
    "github.com/superkkt/viper",
  ]
  solver-name = "gps-cdcl"
  solver-version = 1
